
Microsoft Visual Studio Solution File, Format Version 12.00
# Visual Studio Version 16
VisualStudioVersion = 16.0.31613.86
MinimumVisualStudioVersion = 10.0.40219.1
Project("{FAE04EC0-301F-11D3-BF4B-00C04F79EFBC}") = "todoAF.common", "todoAF.common\todoAF.common.csproj", "{B7CDADA2-2ACA-4291-A535-E88ABB3877D1}"
EndProject
Project("{FAE04EC0-301F-11D3-BF4B-00C04F79EFBC}") = "todoAF.Function", "todoAF.Function\todoAF.Function.csproj", "{BE3BC59D-B366-4542-8061-DEA5BECF1460}"
EndProject
Project("{FAE04EC0-301F-11D3-BF4B-00C04F79EFBC}") = "todoAF.Tests", "todoAF.Tests\todoAF.Tests.csproj", "{61663E18-CB3F-46D9-8725-88781E15FC36}"
EndProject
Global
	GlobalSection(SolutionConfigurationPlatforms) = preSolution
		Debug|Any CPU = Debug|Any CPU
		Release|Any CPU = Release|Any CPU
	EndGlobalSection
	GlobalSection(ProjectConfigurationPlatforms) = postSolution
		{B7CDADA2-2ACA-4291-A535-E88ABB3877D1}.Debug|Any CPU.ActiveCfg = Debug|Any CPU
		{B7CDADA2-2ACA-4291-A535-E88ABB3877D1}.Debug|Any CPU.Build.0 = Debug|Any CPU
		{B7CDADA2-2ACA-4291-A535-E88ABB3877D1}.Release|Any CPU.ActiveCfg = Release|Any CPU
		{B7CDADA2-2ACA-4291-A535-E88ABB3877D1}.Release|Any CPU.Build.0 = Release|Any CPU
		{BE3BC59D-B366-4542-8061-DEA5BECF1460}.Debug|Any CPU.ActiveCfg = Debug|Any CPU
		{BE3BC59D-B366-4542-8061-DEA5BECF1460}.Debug|Any CPU.Build.0 = Debug|Any CPU
		{BE3BC59D-B366-4542-8061-DEA5BECF1460}.Release|Any CPU.ActiveCfg = Release|Any CPU
		{BE3BC59D-B366-4542-8061-DEA5BECF1460}.Release|Any CPU.Build.0 = Release|Any CPU
		{61663E18-CB3F-46D9-8725-88781E15FC36}.Debug|Any CPU.ActiveCfg = Debug|Any CPU
		{61663E18-CB3F-46D9-8725-88781E15FC36}.Debug|Any CPU.Build.0 = Debug|Any CPU
		{61663E18-CB3F-46D9-8725-88781E15FC36}.Release|Any CPU.ActiveCfg = Release|Any CPU
		{61663E18-CB3F-46D9-8725-88781E15FC36}.Release|Any CPU.Build.0 = Release|Any CPU
	EndGlobalSection
	GlobalSection(SolutionProperties) = preSolution
		HideSolutionNode = FALSE
	EndGlobalSection
	GlobalSection(ExtensibilityGlobals) = postSolution
		SolutionGuid = {5293561E-2B25-4C5A-BEE4-9390A7BB50C6}
	EndGlobalSection
EndGlobal
